
Microsoft Visual Studio Solution File, Format Version 12.00
# Visual Studio Version 16
VisualStudioVersion = 16.0.30413.136
MinimumVisualStudioVersion = 10.0.40219.1
Project("{FAE04EC0-301F-11D3-BF4B-00C04F79EFBC}") = "TechInterviewOne", "TechInterviewOne\TechInterviewOne.csproj", "{5FCE5E8D-C20D-44B8-9584-02E827629AB1}"
EndProject
Project("{FAE04EC0-301F-11D3-BF4B-00C04F79EFBC}") = "InterviewTests", "InterviewTests\InterviewTests.csproj", "{F0EFD95D-EC6F-436F-971A-85967C62CF29}"
EndProject
Global
	GlobalSection(SolutionConfigurationPlatforms) = preSolution
		Debug|Any CPU = Debug|Any CPU
		Release|Any CPU = Release|Any CPU
	EndGlobalSection
	GlobalSection(ProjectConfigurationPlatforms) = postSolution
		{5FCE5E8D-C20D-44B8-9584-02E827629AB1}.Debug|Any CPU.ActiveCfg = Debug|Any CPU
		{5FCE5E8D-C20D-44B8-9584-02E827629AB1}.Debug|Any CPU.Build.0 = Debug|Any CPU
		{5FCE5E8D-C20D-44B8-9584-02E827629AB1}.Release|Any CPU.ActiveCfg = Release|Any CPU
		{5FCE5E8D-C20D-44B8-9584-02E827629AB1}.Release|Any CPU.Build.0 = Release|Any CPU
		{F0EFD95D-EC6F-436F-971A-85967C62CF29}.Debug|Any CPU.ActiveCfg = Debug|Any CPU
		{F0EFD95D-EC6F-436F-971A-85967C62CF29}.Debug|Any CPU.Build.0 = Debug|Any CPU
		{F0EFD95D-EC6F-436F-971A-85967C62CF29}.Release|Any CPU.ActiveCfg = Release|Any CPU
		{F0EFD95D-EC6F-436F-971A-85967C62CF29}.Release|Any CPU.Build.0 = Release|Any CPU
	EndGlobalSection
	GlobalSection(SolutionProperties) = preSolution
		HideSolutionNode = FALSE
	EndGlobalSection
	GlobalSection(ExtensibilityGlobals) = postSolution
		SolutionGuid = {6861170B-2D56-4DE0-A8F5-754843080905}
	EndGlobalSection
EndGlobal
